// !$*UTF8*$!
{
	archiveVersion = 1;
	classes = {
	};
	objectVersion = 56;
	objects = {

/* Begin PBXBuildFile section */
		D0046D2828F9B3A100DCDFFC /* Utils.swift in Sources */ = {isa = PBXBuildFile; fileRef = D0046D2728F9B3A100DCDFFC /* Utils.swift */; };
		D0046D2B28F9B51F00DCDFFC /* ZIPFoundation in Frameworks */ = {isa = PBXBuildFile; productRef = D0046D2A28F9B51F00DCDFFC /* ZIPFoundation */; };
		D0046D2D28FA06D300DCDFFC /* README.md in Resources */ = {isa = PBXBuildFile; fileRef = D0046D2C28FA06D300DCDFFC /* README.md */; };
		D0A602DC28F4752C00A92564 /* Koinos_NodeApp.swift in Sources */ = {isa = PBXBuildFile; fileRef = D0A602DB28F4752C00A92564 /* Koinos_NodeApp.swift */; };
		D0A602DE28F4752C00A92564 /* ContentView.swift in Sources */ = {isa = PBXBuildFile; fileRef = D0A602DD28F4752C00A92564 /* ContentView.swift */; };
		D0A602E328F4752D00A92564 /* Preview Assets.xcassets in Resources */ = {isa = PBXBuildFile; fileRef = D0A602E228F4752D00A92564 /* Preview Assets.xcassets */; };
		D0A602F028F4758600A92564 /* koinos-reset.sh in Resources */ = {isa = PBXBuildFile; fileRef = D0A602EF28F4758600A92564 /* koinos-reset.sh */; };
		D0A602F428F4F4AB00A92564 /* AppDelegate.swift in Sources */ = {isa = PBXBuildFile; fileRef = D0A602F328F4F4AB00A92564 /* AppDelegate.swift */; };
		D0A602F628F4F69100A92564 /* DataModel.swift in Sources */ = {isa = PBXBuildFile; fileRef = D0A602F528F4F69100A92564 /* DataModel.swift */; };
		D0A602F828F5CA4300A92564 /* Settings.swift in Sources */ = {isa = PBXBuildFile; fileRef = D0A602F728F5CA4300A92564 /* Settings.swift */; };
		D0A602FB28F5DBF700A92564 /* AlertToast in Frameworks */ = {isa = PBXBuildFile; productRef = D0A602FA28F5DBF700A92564 /* AlertToast */; };
		D0A602FC28F608C800A92564 /* Assets.xcassets in Resources */ = {isa = PBXBuildFile; fileRef = D0A602DF28F4752D00A92564 /* Assets.xcassets */; };
		D0D63E0028F720B6003515FC /* secp256k1 in Frameworks */ = {isa = PBXBuildFile; productRef = D0D63DFF28F720B6003515FC /* secp256k1 */; };
		D0D63E0328F72184003515FC /* BigInt in Frameworks */ = {isa = PBXBuildFile; productRef = D0D63E0228F72184003515FC /* BigInt */; };
		D0D63E0628F7226B003515FC /* Base58Swift in Frameworks */ = {isa = PBXBuildFile; productRef = D0D63E0528F7226B003515FC /* Base58Swift */; };
		D0DEA41C28F637F100F17568 /* koinos-reload.sh in Resources */ = {isa = PBXBuildFile; fileRef = D0DEA41B28F637F100F17568 /* koinos-reload.sh */; };
		D0DEA41F28F668FD00F17568 /* Zip in Frameworks */ = {isa = PBXBuildFile; productRef = D0DEA41E28F668FD00F17568 /* Zip */; };
/* End PBXBuildFile section */

/* Begin PBXFileReference section */
		D0046D2728F9B3A100DCDFFC /* Utils.swift */ = {isa = PBXFileReference; lastKnownFileType = sourcecode.swift; path = Utils.swift; sourceTree = "<group>"; };
		D0046D2C28FA06D300DCDFFC /* README.md */ = {isa = PBXFileReference; fileEncoding = 4; lastKnownFileType = net.daringfireball.markdown; path = README.md; sourceTree = "<group>"; };
		D0A602D828F4752C00A92564 /* Koinos Node.app */ = {isa = PBXFileReference; explicitFileType = wrapper.application; includeInIndex = 0; path = "Koinos Node.app"; sourceTree = BUILT_PRODUCTS_DIR; };
		D0A602DB28F4752C00A92564 /* Koinos_NodeApp.swift */ = {isa = PBXFileReference; lastKnownFileType = sourcecode.swift; path = Koinos_NodeApp.swift; sourceTree = "<group>"; };
		D0A602DD28F4752C00A92564 /* ContentView.swift */ = {isa = PBXFileReference; lastKnownFileType = sourcecode.swift; path = ContentView.swift; sourceTree = "<group>"; };
		D0A602DF28F4752D00A92564 /* Assets.xcassets */ = {isa = PBXFileReference; lastKnownFileType = folder.assetcatalog; path = Assets.xcassets; sourceTree = "<group>"; };
		D0A602E228F4752D00A92564 /* Preview Assets.xcassets */ = {isa = PBXFileReference; lastKnownFileType = folder.assetcatalog; path = "Preview Assets.xcassets"; sourceTree = "<group>"; };
		D0A602E928F4752D00A92564 /* Koinos_Node.entitlements */ = {isa = PBXFileReference; lastKnownFileType = text.plist.entitlements; path = Koinos_Node.entitlements; sourceTree = "<group>"; };
		D0A602EF28F4758600A92564 /* koinos-reset.sh */ = {isa = PBXFileReference; fileEncoding = 4; lastKnownFileType = text.script.sh; path = "koinos-reset.sh"; sourceTree = "<group>"; };
		D0A602F328F4F4AB00A92564 /* AppDelegate.swift */ = {isa = PBXFileReference; lastKnownFileType = sourcecode.swift; path = AppDelegate.swift; sourceTree = "<group>"; };
		D0A602F528F4F69100A92564 /* DataModel.swift */ = {isa = PBXFileReference; lastKnownFileType = sourcecode.swift; path = DataModel.swift; sourceTree = "<group>"; };
		D0A602F728F5CA4300A92564 /* Settings.swift */ = {isa = PBXFileReference; lastKnownFileType = sourcecode.swift; path = Settings.swift; sourceTree = "<group>"; };
		D0DEA41B28F637F100F17568 /* koinos-reload.sh */ = {isa = PBXFileReference; fileEncoding = 4; lastKnownFileType = text.script.sh; path = "koinos-reload.sh"; sourceTree = "<group>"; };
/* End PBXFileReference section */

/* Begin PBXFrameworksBuildPhase section */
		D0A602D528F4752C00A92564 /* Frameworks */ = {
			isa = PBXFrameworksBuildPhase;
			buildActionMask = 2147483647;
			files = (
				D0DEA41F28F668FD00F17568 /* Zip in Frameworks */,
				D0D63E0628F7226B003515FC /* Base58Swift in Frameworks */,
				D0D63E0028F720B6003515FC /* secp256k1 in Frameworks */,
				D0A602FB28F5DBF700A92564 /* AlertToast in Frameworks */,
				D0D63E0328F72184003515FC /* BigInt in Frameworks */,
				D0046D2B28F9B51F00DCDFFC /* ZIPFoundation in Frameworks */,
			);
			runOnlyForDeploymentPostprocessing = 0;
		};
/* End PBXFrameworksBuildPhase section */

/* Begin PBXGroup section */
		D0A602CF28F4752C00A92564 = {
			isa = PBXGroup;
			children = (
				D0046D2C28FA06D300DCDFFC /* README.md */,
				D0A602DA28F4752C00A92564 /* Koinos Node */,
				D0A602D928F4752C00A92564 /* Products */,
			);
			sourceTree = "<group>";
		};
		D0A602D928F4752C00A92564 /* Products */ = {
			isa = PBXGroup;
			children = (
				D0A602D828F4752C00A92564 /* Koinos Node.app */,
			);
			name = Products;
			sourceTree = "<group>";
		};
		D0A602DA28F4752C00A92564 /* Koinos Node */ = {
			isa = PBXGroup;
			children = (
				D0A602EF28F4758600A92564 /* koinos-reset.sh */,
				D0DEA41B28F637F100F17568 /* koinos-reload.sh */,
				D0A602DB28F4752C00A92564 /* Koinos_NodeApp.swift */,
				D0A602F328F4F4AB00A92564 /* AppDelegate.swift */,
				D0A602F528F4F69100A92564 /* DataModel.swift */,
				D0A602DD28F4752C00A92564 /* ContentView.swift */,
				D0A602F728F5CA4300A92564 /* Settings.swift */,
				D0046D2728F9B3A100DCDFFC /* Utils.swift */,
				D0A602DF28F4752D00A92564 /* Assets.xcassets */,
				D0A602E928F4752D00A92564 /* Koinos_Node.entitlements */,
				D0A602E128F4752D00A92564 /* Preview Content */,
			);
			path = "Koinos Node";
			sourceTree = "<group>";
		};
		D0A602E128F4752D00A92564 /* Preview Content */ = {
			isa = PBXGroup;
			children = (
				D0A602E228F4752D00A92564 /* Preview Assets.xcassets */,
			);
			path = "Preview Content";
			sourceTree = "<group>";
		};
/* End PBXGroup section */

/* Begin PBXNativeTarget section */
		D0A602D728F4752C00A92564 /* Koinos Node */ = {
			isa = PBXNativeTarget;
			buildConfigurationList = D0A602EC28F4752D00A92564 /* Build configuration list for PBXNativeTarget "Koinos Node" */;
			buildPhases = (
				D0A602D428F4752C00A92564 /* Sources */,
				D0A602D528F4752C00A92564 /* Frameworks */,
				D0A602D628F4752C00A92564 /* Resources */,
			);
			buildRules = (
			);
			dependencies = (
			);
			name = "Koinos Node";
			packageProductDependencies = (
				D0A602FA28F5DBF700A92564 /* AlertToast */,
				D0DEA41E28F668FD00F17568 /* Zip */,
				D0D63DFF28F720B6003515FC /* secp256k1 */,
				D0D63E0228F72184003515FC /* BigInt */,
				D0D63E0528F7226B003515FC /* Base58Swift */,
				D0046D2A28F9B51F00DCDFFC /* ZIPFoundation */,
			);
			productName = "Koinos Node";
			productReference = D0A602D828F4752C00A92564 /* Koinos Node.app */;
			productType = "com.apple.product-type.application";
		};
/* End PBXNativeTarget section */

/* Begin PBXProject section */
		D0A602D028F4752C00A92564 /* Project object */ = {
			isa = PBXProject;
			attributes = {
				BuildIndependentTargetsInParallel = 1;
				LastSwiftUpdateCheck = 1400;
				LastUpgradeCheck = 1400;
				TargetAttributes = {
					D0A602D728F4752C00A92564 = {
						CreatedOnToolsVersion = 14.0.1;
					};
				};
			};
			buildConfigurationList = D0A602D328F4752C00A92564 /* Build configuration list for PBXProject "Koinos Node" */;
			compatibilityVersion = "Xcode 14.0";
			developmentRegion = en;
			hasScannedForEncodings = 0;
			knownRegions = (
				en,
				Base,
			);
			mainGroup = D0A602CF28F4752C00A92564;
			packageReferences = (
				D0A602F928F5DBF700A92564 /* XCRemoteSwiftPackageReference "AlertToast" */,
				D0DEA41D28F668FD00F17568 /* XCRemoteSwiftPackageReference "Zip" */,
				D0D63DFE28F720B6003515FC /* XCRemoteSwiftPackageReference "secp256k1.swift" */,
				D0D63E0128F72184003515FC /* XCRemoteSwiftPackageReference "BigInt" */,
				D0D63E0428F7226B003515FC /* XCRemoteSwiftPackageReference "Base58Swift" */,
				D0046D2928F9B51F00DCDFFC /* XCRemoteSwiftPackageReference "ZIPFoundation" */,
			);
			productRefGroup = D0A602D928F4752C00A92564 /* Products */;
			projectDirPath = "";
			projectRoot = "";
			targets = (
				D0A602D728F4752C00A92564 /* Koinos Node */,
			);
		};
/* End PBXProject section */

/* Begin PBXResourcesBuildPhase section */
		D0A602D628F4752C00A92564 /* Resources */ = {
			isa = PBXResourcesBuildPhase;
			buildActionMask = 2147483647;
			files = (
				D0A602E328F4752D00A92564 /* Preview Assets.xcassets in Resources */,
				D0A602FC28F608C800A92564 /* Assets.xcassets in Resources */,
				D0046D2D28FA06D300DCDFFC /* README.md in Resources */,
				D0A602F028F4758600A92564 /* koinos-reset.sh in Resources */,
				D0DEA41C28F637F100F17568 /* koinos-reload.sh in Resources */,
			);
			runOnlyForDeploymentPostprocessing = 0;
		};
/* End PBXResourcesBuildPhase section */

/* Begin PBXSourcesBuildPhase section */
		D0A602D428F4752C00A92564 /* Sources */ = {
			isa = PBXSourcesBuildPhase;
			buildActionMask = 2147483647;
			files = (
				D0A602DE28F4752C00A92564 /* ContentView.swift in Sources */,
				D0A602F428F4F4AB00A92564 /* AppDelegate.swift in Sources */,
				D0A602F828F5CA4300A92564 /* Settings.swift in Sources */,
				D0A602DC28F4752C00A92564 /* Koinos_NodeApp.swift in Sources */,
				D0A602F628F4F69100A92564 /* DataModel.swift in Sources */,
				D0046D2828F9B3A100DCDFFC /* Utils.swift in Sources */,
			);
			runOnlyForDeploymentPostprocessing = 0;
		};
/* End PBXSourcesBuildPhase section */

/* Begin XCBuildConfiguration section */
		D0A602EA28F4752D00A92564 /* Debug */ = {
			isa = XCBuildConfiguration;
			buildSettings = {
				ALWAYS_SEARCH_USER_PATHS = NO;
				CLANG_ANALYZER_NONNULL = YES;
				CLANG_ANALYZER_NUMBER_OBJECT_CONVERSION = YES_AGGRESSIVE;
				CLANG_CXX_LANGUAGE_STANDARD = "gnu++20";
				CLANG_ENABLE_MODULES = YES;
				CLANG_ENABLE_OBJC_ARC = YES;
				CLANG_ENABLE_OBJC_WEAK = YES;
				CLANG_WARN_BLOCK_CAPTURE_AUTORELEASING = YES;
				CLANG_WARN_BOOL_CONVERSION = YES;
				CLANG_WARN_COMMA = YES;
				CLANG_WARN_CONSTANT_CONVERSION = YES;
				CLANG_WARN_DEPRECATED_OBJC_IMPLEMENTATIONS = YES;
				CLANG_WARN_DIRECT_OBJC_ISA_USAGE = YES_ERROR;
				CLANG_WARN_DOCUMENTATION_COMMENTS = YES;
				CLANG_WARN_EMPTY_BODY = YES;
				CLANG_WARN_ENUM_CONVERSION = YES;
				CLANG_WARN_INFINITE_RECURSION = YES;
				CLANG_WARN_INT_CONVERSION = YES;
				CLANG_WARN_NON_LITERAL_NULL_CONVERSION = YES;
				CLANG_WARN_OBJC_IMPLICIT_RETAIN_SELF = YES;
				CLANG_WARN_OBJC_LITERAL_CONVERSION = YES;
				CLANG_WARN_OBJC_ROOT_CLASS = YES_ERROR;
				CLANG_WARN_QUOTED_INCLUDE_IN_FRAMEWORK_HEADER = YES;
				CLANG_WARN_RANGE_LOOP_ANALYSIS = YES;
				CLANG_WARN_STRICT_PROTOTYPES = YES;
				CLANG_WARN_SUSPICIOUS_MOVE = YES;
				CLANG_WARN_UNGUARDED_AVAILABILITY = YES_AGGRESSIVE;
				CLANG_WARN_UNREACHABLE_CODE = YES;
				CLANG_WARN__DUPLICATE_METHOD_MATCH = YES;
				COPY_PHASE_STRIP = NO;
				DEBUG_INFORMATION_FORMAT = dwarf;
				ENABLE_STRICT_OBJC_MSGSEND = YES;
				ENABLE_TESTABILITY = YES;
				GCC_C_LANGUAGE_STANDARD = gnu11;
				GCC_DYNAMIC_NO_PIC = NO;
				GCC_NO_COMMON_BLOCKS = YES;
				GCC_OPTIMIZATION_LEVEL = 0;
				GCC_PREPROCESSOR_DEFINITIONS = (
					"DEBUG=1",
					"$(inherited)",
				);
				GCC_WARN_64_TO_32_BIT_CONVERSION = YES;
				GCC_WARN_ABOUT_RETURN_TYPE = YES_ERROR;
				GCC_WARN_UNDECLARED_SELECTOR = YES;
				GCC_WARN_UNINITIALIZED_AUTOS = YES_AGGRESSIVE;
				GCC_WARN_UNUSED_FUNCTION = YES;
				GCC_WARN_UNUSED_VARIABLE = YES;
				MACOSX_DEPLOYMENT_TARGET = 12.3;
				MTL_ENABLE_DEBUG_INFO = INCLUDE_SOURCE;
				MTL_FAST_MATH = YES;
				ONLY_ACTIVE_ARCH = YES;
				SDKROOT = macosx;
				SWIFT_ACTIVE_COMPILATION_CONDITIONS = DEBUG;
				SWIFT_OPTIMIZATION_LEVEL = "-Onone";
			};
			name = Debug;
		};
		D0A602EB28F4752D00A92564 /* Release */ = {
			isa = XCBuildConfiguration;
			buildSettings = {
				ALWAYS_SEARCH_USER_PATHS = NO;
				CLANG_ANALYZER_NONNULL = YES;
				CLANG_ANALYZER_NUMBER_OBJECT_CONVERSION = YES_AGGRESSIVE;
				CLANG_CXX_LANGUAGE_STANDARD = "gnu++20";
				CLANG_ENABLE_MODULES = YES;
				CLANG_ENABLE_OBJC_ARC = YES;
				CLANG_ENABLE_OBJC_WEAK = YES;
				CLANG_WARN_BLOCK_CAPTURE_AUTORELEASING = YES;
				CLANG_WARN_BOOL_CONVERSION = YES;
				CLANG_WARN_COMMA = YES;
				CLANG_WARN_CONSTANT_CONVERSION = YES;
				CLANG_WARN_DEPRECATED_OBJC_IMPLEMENTATIONS = YES;
				CLANG_WARN_DIRECT_OBJC_ISA_USAGE = YES_ERROR;
				CLANG_WARN_DOCUMENTATION_COMMENTS = YES;
				CLANG_WARN_EMPTY_BODY = YES;
				CLANG_WARN_ENUM_CONVERSION = YES;
				CLANG_WARN_INFINITE_RECURSION = YES;
				CLANG_WARN_INT_CONVERSION = YES;
				CLANG_WARN_NON_LITERAL_NULL_CONVERSION = YES;
				CLANG_WARN_OBJC_IMPLICIT_RETAIN_SELF = YES;
				CLANG_WARN_OBJC_LITERAL_CONVERSION = YES;
				CLANG_WARN_OBJC_ROOT_CLASS = YES_ERROR;
				CLANG_WARN_QUOTED_INCLUDE_IN_FRAMEWORK_HEADER = YES;
				CLANG_WARN_RANGE_LOOP_ANALYSIS = YES;
				CLANG_WARN_STRICT_PROTOTYPES = YES;
				CLANG_WARN_SUSPICIOUS_MOVE = YES;
				CLANG_WARN_UNGUARDED_AVAILABILITY = YES_AGGRESSIVE;
				CLANG_WARN_UNREACHABLE_CODE = YES;
				CLANG_WARN__DUPLICATE_METHOD_MATCH = YES;
				COPY_PHASE_STRIP = NO;
				DEBUG_INFORMATION_FORMAT = "dwarf-with-dsym";
				ENABLE_NS_ASSERTIONS = NO;
				ENABLE_STRICT_OBJC_MSGSEND = YES;
				GCC_C_LANGUAGE_STANDARD = gnu11;
				GCC_NO_COMMON_BLOCKS = YES;
				GCC_WARN_64_TO_32_BIT_CONVERSION = YES;
				GCC_WARN_ABOUT_RETURN_TYPE = YES_ERROR;
				GCC_WARN_UNDECLARED_SELECTOR = YES;
				GCC_WARN_UNINITIALIZED_AUTOS = YES_AGGRESSIVE;
				GCC_WARN_UNUSED_FUNCTION = YES;
				GCC_WARN_UNUSED_VARIABLE = YES;
				MACOSX_DEPLOYMENT_TARGET = 12.3;
				MTL_ENABLE_DEBUG_INFO = NO;
				MTL_FAST_MATH = YES;
				SDKROOT = macosx;
				SWIFT_COMPILATION_MODE = wholemodule;
				SWIFT_OPTIMIZATION_LEVEL = "-O";
			};
			name = Release;
		};
		D0A602ED28F4752D00A92564 /* Debug */ = {
			isa = XCBuildConfiguration;
			buildSettings = {
				ASSETCATALOG_COMPILER_APPICON_NAME = AppIcon;
				ASSETCATALOG_COMPILER_GLOBAL_ACCENT_COLOR_NAME = AccentColor;
				ASSETCATALOG_COMPILER_INCLUDE_ALL_APPICON_ASSETS = YES;
				CODE_SIGN_ENTITLEMENTS = "Koinos Node/Koinos_Node.entitlements";
				CODE_SIGN_STYLE = Automatic;
				COMBINE_HIDPI_IMAGES = YES;
				CURRENT_PROJECT_VERSION = 4;
				DEVELOPMENT_ASSET_PATHS = "\"Koinos Node/Preview Content\"";
				DEVELOPMENT_TEAM = 8FEZZEFZ96;
				ENABLE_HARDENED_RUNTIME = YES;
				ENABLE_PREVIEWS = YES;
				GENERATE_INFOPLIST_FILE = YES;
				INFOPLIST_KEY_NSHumanReadableCopyright = "";
				LD_RUNPATH_SEARCH_PATHS = (
					"$(inherited)",
					"@executable_path/../Frameworks",
				);
				MACOSX_DEPLOYMENT_TARGET = 11.0;
				MARKETING_VERSION = 1.1.1;
				PRODUCT_BUNDLE_IDENTIFIER = "com.tenonedesign.Koinos-Node";
				PRODUCT_NAME = "$(TARGET_NAME)";
				SWIFT_EMIT_LOC_STRINGS = YES;
				SWIFT_VERSION = 5.0;
			};
			name = Debug;
		};
		D0A602EE28F4752D00A92564 /* Release */ = {
			isa = XCBuildConfiguration;
			buildSettings = {
				ASSETCATALOG_COMPILER_APPICON_NAME = AppIcon;
				ASSETCATALOG_COMPILER_GLOBAL_ACCENT_COLOR_NAME = AccentColor;
				ASSETCATALOG_COMPILER_INCLUDE_ALL_APPICON_ASSETS = YES;
				CODE_SIGN_ENTITLEMENTS = "Koinos Node/Koinos_Node.entitlements";
				CODE_SIGN_STYLE = Automatic;
				COMBINE_HIDPI_IMAGES = YES;
				CURRENT_PROJECT_VERSION = 4;
				DEVELOPMENT_ASSET_PATHS = "\"Koinos Node/Preview Content\"";
				DEVELOPMENT_TEAM = 8FEZZEFZ96;
				ENABLE_HARDENED_RUNTIME = YES;
				ENABLE_PREVIEWS = YES;
				GENERATE_INFOPLIST_FILE = YES;
				INFOPLIST_KEY_NSHumanReadableCopyright = "";
				LD_RUNPATH_SEARCH_PATHS = (
					"$(inherited)",
					"@executable_path/../Frameworks",
				);
				MACOSX_DEPLOYMENT_TARGET = 11.0;
				MARKETING_VERSION = 1.1.1;
				PRODUCT_BUNDLE_IDENTIFIER = "com.tenonedesign.Koinos-Node";
				PRODUCT_NAME = "$(TARGET_NAME)";
				SWIFT_EMIT_LOC_STRINGS = YES;
				SWIFT_VERSION = 5.0;
			};
			name = Release;
		};
/* End XCBuildConfiguration section */

/* Begin XCConfigurationList section */
		D0A602D328F4752C00A92564 /* Build configuration list for PBXProject "Koinos Node" */ = {
			isa = XCConfigurationList;
			buildConfigurations = (
				D0A602EA28F4752D00A92564 /* Debug */,
				D0A602EB28F4752D00A92564 /* Release */,
			);
			defaultConfigurationIsVisible = 0;
			defaultConfigurationName = Release;
		};
		D0A602EC28F4752D00A92564 /* Build configuration list for PBXNativeTarget "Koinos Node" */ = {
			isa = XCConfigurationList;
			buildConfigurations = (
				D0A602ED28F4752D00A92564 /* Debug */,
				D0A602EE28F4752D00A92564 /* Release */,
			);
			defaultConfigurationIsVisible = 0;
			defaultConfigurationName = Release;
		};
/* End XCConfigurationList section */

/* Begin XCRemoteSwiftPackageReference section */
		D0046D2928F9B51F00DCDFFC /* XCRemoteSwiftPackageReference "ZIPFoundation" */ = {
			isa = XCRemoteSwiftPackageReference;
			repositoryURL = "https://github.com/weichsel/ZIPFoundation.git";
			requirement = {
				kind = upToNextMajorVersion;
				minimumVersion = 0.9.9;
			};
		};
		D0A602F928F5DBF700A92564 /* XCRemoteSwiftPackageReference "AlertToast" */ = {
			isa = XCRemoteSwiftPackageReference;
			repositoryURL = "https://github.com/elai950/AlertToast.git";
			requirement = {
				kind = upToNextMajorVersion;
				minimumVersion = 1.0.0;
			};
		};
		D0D63DFE28F720B6003515FC /* XCRemoteSwiftPackageReference "secp256k1.swift" */ = {
			isa = XCRemoteSwiftPackageReference;
			repositoryURL = "https://github.com/Boilertalk/secp256k1.swift.git";
			requirement = {
				kind = upToNextMajorVersion;
				minimumVersion = 0.1.7;
			};
		};
		D0D63E0128F72184003515FC /* XCRemoteSwiftPackageReference "BigInt" */ = {
			isa = XCRemoteSwiftPackageReference;
			repositoryURL = "https://github.com/attaswift/BigInt.git";
			requirement = {
				kind = upToNextMajorVersion;
				minimumVersion = 5.0.0;
			};
		};
		D0D63E0428F7226B003515FC /* XCRemoteSwiftPackageReference "Base58Swift" */ = {
			isa = XCRemoteSwiftPackageReference;
			repositoryURL = "https://github.com/keefertaylor/Base58Swift.git";
			requirement = {
				kind = upToNextMajorVersion;
				minimumVersion = 2.0.0;
			};
		};
		D0DEA41D28F668FD00F17568 /* XCRemoteSwiftPackageReference "Zip" */ = {
			isa = XCRemoteSwiftPackageReference;
			repositoryURL = "https://github.com/marmelroy/Zip.git";
			requirement = {
				kind = upToNextMajorVersion;
				minimumVersion = 2.0.0;
			};
		};
/* End XCRemoteSwiftPackageReference section */

/* Begin XCSwiftPackageProductDependency section */
		D0046D2A28F9B51F00DCDFFC /* ZIPFoundation */ = {
			isa = XCSwiftPackageProductDependency;
			package = D0046D2928F9B51F00DCDFFC /* XCRemoteSwiftPackageReference "ZIPFoundation" */;
			productName = ZIPFoundation;
		};
		D0A602FA28F5DBF700A92564 /* AlertToast */ = {
			isa = XCSwiftPackageProductDependency;
			package = D0A602F928F5DBF700A92564 /* XCRemoteSwiftPackageReference "AlertToast" */;
			productName = AlertToast;
		};
		D0D63DFF28F720B6003515FC /* secp256k1 */ = {
			isa = XCSwiftPackageProductDependency;
			package = D0D63DFE28F720B6003515FC /* XCRemoteSwiftPackageReference "secp256k1.swift" */;
			productName = secp256k1;
		};
		D0D63E0228F72184003515FC /* BigInt */ = {
			isa = XCSwiftPackageProductDependency;
			package = D0D63E0128F72184003515FC /* XCRemoteSwiftPackageReference "BigInt" */;
			productName = BigInt;
		};
		D0D63E0528F7226B003515FC /* Base58Swift */ = {
			isa = XCSwiftPackageProductDependency;
			package = D0D63E0428F7226B003515FC /* XCRemoteSwiftPackageReference "Base58Swift" */;
			productName = Base58Swift;
		};
		D0DEA41E28F668FD00F17568 /* Zip */ = {
			isa = XCSwiftPackageProductDependency;
			package = D0DEA41D28F668FD00F17568 /* XCRemoteSwiftPackageReference "Zip" */;
			productName = Zip;
		};
/* End XCSwiftPackageProductDependency section */
	};
	rootObject = D0A602D028F4752C00A92564 /* Project object */;
}
